
Microsoft Visual Studio Solution File, Format Version 12.00
# Visual Studio Version 17
VisualStudioVersion = 17.4.33122.133
MinimumVisualStudioVersion = 10.0.40219.1
Project("{FAE04EC0-301F-11D3-BF4B-00C04F79EFBC}") = "LogAnalyzer", "LogAnalyzer\LogAnalyzer.csproj", "{80EFD0F6-6D6F-4AFE-A418-4D9D68768258}"
EndProject
Global
	GlobalSection(SolutionConfigurationPlatforms) = preSolution
		Debug|Any CPU = Debug|Any CPU
		Release|Any CPU = Release|Any CPU
	EndGlobalSection
	GlobalSection(ProjectConfigurationPlatforms) = postSolution
		{80EFD0F6-6D6F-4AFE-A418-4D9D68768258}.Debug|Any CPU.ActiveCfg = Debug|Any CPU
		{80EFD0F6-6D6F-4AFE-A418-4D9D68768258}.Debug|Any CPU.Build.0 = Debug|Any CPU
		{80EFD0F6-6D6F-4AFE-A418-4D9D68768258}.Release|Any CPU.ActiveCfg = Release|Any CPU
		{80EFD0F6-6D6F-4AFE-A418-4D9D68768258}.Release|Any CPU.Build.0 = Release|Any CPU
	EndGlobalSection
	GlobalSection(SolutionProperties) = preSolution
		HideSolutionNode = FALSE
	EndGlobalSection
	GlobalSection(ExtensibilityGlobals) = postSolution
		SolutionGuid = {45AA1FD6-4240-4366-B764-56D7142FDAA2}
	EndGlobalSection
EndGlobal
